
Microsoft Visual Studio Solution File, Format Version 12.00
# Visual Studio 15
VisualStudioVersion = 15.0.28010.2026
MinimumVisualStudioVersion = 10.0.40219.1
Project("{9092AA53-FB77-4645-B42D-1CCCA6BD08BD}") = "SMP - Viveiro Ranzini", "SMP - Viveiro Ranzini\SMP - Viveiro Ranzini.njsproj", "{C9F675FA-6809-4F7F-90D8-46C405B241EE}"
EndProject
Global
	GlobalSection(SolutionConfigurationPlatforms) = preSolution
		Debug|Any CPU = Debug|Any CPU
		Release|Any CPU = Release|Any CPU
	EndGlobalSection
	GlobalSection(ProjectConfigurationPlatforms) = postSolution
		{C9F675FA-6809-4F7F-90D8-46C405B241EE}.Debug|Any CPU.ActiveCfg = Debug|Any CPU
		{C9F675FA-6809-4F7F-90D8-46C405B241EE}.Debug|Any CPU.Build.0 = Debug|Any CPU
		{C9F675FA-6809-4F7F-90D8-46C405B241EE}.Release|Any CPU.ActiveCfg = Release|Any CPU
		{C9F675FA-6809-4F7F-90D8-46C405B241EE}.Release|Any CPU.Build.0 = Release|Any CPU
	EndGlobalSection
	GlobalSection(SolutionProperties) = preSolution
		HideSolutionNode = FALSE
	EndGlobalSection
	GlobalSection(ExtensibilityGlobals) = postSolution
		SolutionGuid = {77FB53EB-2668-448E-B8E5-FB4BE01BEB8C}
	EndGlobalSection
EndGlobal
